[renv]
Version=0.0.1-1012

[R]
Version=3.3.3

[R/Repositories]
CRAN=https://demo.rstudiopm.com/cran/latest/
dev=https://demo.rstudiopm.com/dev/latest

[R/Package/BH]
Package=BH
Version=1.65.0-1
Source=CRAN
Hash=926cd9bdda6cd5c673b348c239fcae64

[R/Package/DiagrammeR]
Package=DiagrammeR
Version=1.0.0
Source=CRAN
Hash=2e6947838e4a45cf0d88fdb39399f093

[R/Package/MASS]
Package=MASS
Version=7.3-45
Source=CRAN
Hash=cf185df6f39d0f3081fd98f1e7a72ffa

[R/Package/Matrix]
Package=Matrix
Version=1.2-8
Source=CRAN
Hash=8ae14339a2327575e51df41bd0e858dc

[R/Package/R6]
Package=R6
Version=2.4.0
Source=CRAN
Hash=f12bb7f48fdb217e0631686d58e4db8c

[R/Package/RColorBrewer]
Package=RColorBrewer
Version=1.1-2
Source=CRAN
Hash=c67a18e0ee1f34caa484ba679392c33a

[R/Package/Rcpp]
Package=Rcpp
Version=1.0.0.3
Source=GitHub
RemoteType=github
RemoteHost=https://api.github.com
RemoteRepo=Rcpp
RemoteUsername=RcppCore
RemoteRef=master
RemoteSha=08344ae80da376eb7a153467364ea0bb8c2ce4ba
Hash=50158d04ce4d5424b86ea6e317c2c819

[R/Package/Rook]
Package=Rook
Version=1.1-1
Source=CRAN
Hash=04759faf22945ce08f25ebc777c600f7

[R/Package/XML]
Package=XML
Version=3.98-1.9
Source=CRAN
Hash=72f7b205ca36a7f38e7d29128b986635

[R/Package/assertthat]
Package=assertthat
Version=0.2.0
Source=CRAN
Hash=bd160c2c32d9aad86e443d2386d4090a

[R/Package/backports]
Package=backports
Version=1.1.3
Source=CRAN
Hash=f5d38fe0f8df351a9b050ebb98823a75

[R/Package/base64enc]
Package=base64enc
Version=0.1-3
Source=CRAN
Hash=a84dea3921f9f4e36e3d01d6fda4308e

[R/Package/bindr]
Package=bindr
Version=0.1.1
Source=CRAN
Hash=473a2052bc93957dbb2a9106bce9b0c0

[R/Package/bindrcpp]
Package=bindrcpp
Version=0.2.2
Source=CRAN
Hash=f006e5143a3539a1edfa666ec2ae3e9a

[R/Package/bookdown]
Package=bookdown
Version=0.9
Source=CRAN
Hash=2e20ebe693391dec7b0e8f53e40ec15f

[R/Package/brew]
Package=brew
Version=1.0-6
Source=CRAN
Hash=48ac6480f28adb9596f531296670e1eb

[R/Package/callr]
Package=callr
Version=3.1.1.9000
Source=GitHub
Remotes=r-lib/processx
RemoteType=github
RemoteHost=https://api.github.com
RemoteRepo=callr
RemoteUsername=r-lib
RemoteRef=master
RemoteSha=46734c19387651eb8ebaea63ee1169f865ef46b4
Hash=2a5e9bb7a7012bfc4ca21b42b75bc495

[R/Package/cli]
Package=cli
Version=1.0.1.9000
Source=GitHub
RemoteType=github
RemoteHost=https://api.github.com
RemoteRepo=cli
RemoteUsername=r-lib
RemoteRef=master
RemoteSha=94e2fc5d9eff3ac1ce21064c2a70d0c3440da573
Hash=7ed14c2ffe20ed22364a2778c461bde1

[R/Package/cliapp]
Package=cliapp
Version=0.1.0.9000
Source=GitHub
RemoteType=github
RemoteHost=https://api.github.com
RemoteRepo=cliapp
RemoteUsername=r-lib
RemoteRef=master
RemoteSha=35b184ad35b392da469df54acc701f12470129cb
Hash=e44681bec410d3b9c2e38366f3f1c681

[R/Package/clipr]
Package=clipr
Version=0.3.3
Source=CRAN
RemoteType=cran
RemoteSha=0.3.3
RemoteRepos=structure("https://cran.rstudio.com/", .Names = "CRAN")
RemotePkgType=binary
Hash=97d06200ed6f32c55b4af4dc8f644c04

[R/Package/clisymbols]
Package=clisymbols
Version=1.2.0
Source=CRAN
RemoteType=cran
RemoteSha=1.2.0
RemoteRepos=structure("https://cran.rstudio.com/", .Names = "CRAN")
RemotePkgType=binary
Hash=a844745c25791b3da2052fa5560d9660

[R/Package/colorspace]
Package=colorspace
Version=1.3-2
Source=CRAN
Hash=4117eab2bf5fdcbde4a69df2522091b4

[R/Package/commonmark]
Package=commonmark
Version=1.5
Source=CRAN
Hash=24b5bb09afea26b91db13d9ae42f21b9

[R/Package/cranlogs]
Package=cranlogs
Version=2.1.0
Source=CRAN
Hash=343c0a7b11fedf56be9e9cfeac24a89c

[R/Package/crayon]
Package=crayon
Version=1.3.4
Source=CRAN
RemoteType=cran
RemoteSha=1.3.4
RemoteRepos=structure("https://cran.rstudio.com/", .Names = "CRAN")
RemotePkgType=binary
Hash=0bd70b1a5451792bddc69a5f7f6cb0f0

[R/Package/curl]
Package=curl
Version=3.3
Source=CRAN
Hash=8038acadb48085b3a3ddcc2228124d2a

[R/Package/desc]
Package=desc
Version=1.2.0
Source=GitHub
RemoteType=github
RemoteHost=https://api.github.com
RemoteRepo=desc
RemoteUsername=r-lib
RemoteRef=master
RemoteSha=ef9e3a499ee86682ea5e7d2d2a5cad93c251d40a
Hash=beb23cb103fd67c2823f4308a2db4d8b

[R/Package/devtools]
Package=devtools
Version=2.0.1
Source=CRAN
Hash=eda1885c2dfcd3b268b6bdcc76529192

[R/Package/dichromat]
Package=dichromat
Version=2.0-0
Source=CRAN
Hash=d006e8cd1c67dc0a91e74d3afa8af66a

[R/Package/digest]
Package=digest
Version=0.6.18
Source=CRAN
Hash=e0e4d82751507cc23575221c2b659441

[R/Package/distill]
Package=distill
Version=0.6.0.9000
Source=GitHub
RemoteType=github
RemoteHost=api.github.com
RemoteRepo=distill
RemoteUsername=rstudio
RemoteRef=master
RemoteSha=6aaffa30be1e7bac6170419bb63ce0f90e3191f6
Hash=41a7701629f3134d5f1e3a121318060e

[R/Package/downloader]
Package=downloader
Version=0.4
Source=CRAN
Hash=bab4e6f31a4f13018854b17007d4e281

[R/Package/dplyr]
Package=dplyr
Version=0.7.7
Source=CRAN
Hash=6ed66cef9119daaaeb909337a08e6dcb

[R/Package/evaluate]
Package=evaluate
Version=0.13
Source=CRAN
Hash=a36d8a2787145da392dc0855b9b79ab2

[R/Package/fansi]
Package=fansi
Version=0.4.0
Source=CRAN
Hash=a5053372201529a0575fddfefd3d0584

[R/Package/filelock]
Package=filelock
Version=1.0.2.9000
Source=GitHub
RemoteType=github
RemoteHost=https://api.github.com
RemoteRepo=filelock
RemoteUsername=r-lib
RemoteRef=master
RemoteSha=060bd83ab11e6ca8117d7ffe801b348bda4ca415
Hash=27fbbb6277cf78afbf2b14abd11c9a7f

[R/Package/fs]
Package=fs
Version=1.2.2
Source=CRAN
Hash=fa283814b2b7953ccc64b59807b4a1ae

[R/Package/ggplot2]
Package=ggplot2
Version=3.0.0.9000
Source=GitHub
RemoteType=github
RemoteHost=https://api.github.com
RemoteRepo=ggplot2
RemoteUsername=tidyverse
RemoteRef=master
RemoteSha=35507725d82d1d9d91fe5d2e4943671b568b59b2
Hash=1fb450a47a1a1fbbb291060dd9585692

[R/Package/ggrepel]
Package=ggrepel
Version=0.7.0
Source=CRAN
Hash=571505eefb5d6094f5bd3e90ee293599

[R/Package/gh]
Package=gh
Version=1.0.1
Source=CRAN
RemoteType=cran
RemoteSha=1.0.1
RemoteRepos=structure("https://cran.rstudio.com/", .Names = "CRAN")
RemotePkgType=binary
Hash=d51be8482c1d18c1013b0997ea91dcf2

[R/Package/git2r]
Package=git2r
Version=0.19.0
Source=CRAN
Hash=b18fae2fae07049bb51518c1e3ea2e68

[R/Package/glue]
Package=glue
Version=1.3.0.9000
Source=GitHub
RemoteType=github
RemoteHost=https://api.github.com
RemoteRepo=glue
RemoteUsername=tidyverse
RemoteRef=master
RemoteSha=8188cea6568b5f9847b43808334adcb30c205eb4
Hash=72eb10db251da7e5049386e897c24c2e

[R/Package/gridExtra]
Package=gridExtra
Version=2.3
Source=CRAN
Hash=644f1abc80d2bb1101baced701a44016

[R/Package/gtable]
Package=gtable
Version=0.2.0
Source=CRAN
Hash=a86e41278f65cffc6275e46fab11a9ee

[R/Package/highr]
Package=highr
Version=0.7
Source=CRAN
Hash=793d0807f1bc65c89bea7a5317fc23b6

[R/Package/hms]
Package=hms
Version=0.4.2
Source=CRAN
Hash=362f859823d79ab0ede790e3a9820065

[R/Package/htmltools]
Package=htmltools
Version=0.3.6
Source=CRAN
Hash=edb9789e8be67d354871e2210e140d1d

[R/Package/htmlwidgets]
Package=htmlwidgets
Version=1.2.1
Source=GitHub
RemoteType=github
RemoteHost=https://api.github.com
RemoteRepo=htmlwidgets
RemoteUsername=ramnathv
RemoteRef=master
RemoteSha=29ca4f7a81a34d934e2158294b7084192be763ce
Hash=f4b26f60b5510fbcd1a4ddae7f2a1154

[R/Package/httr]
Package=httr
Version=1.3.1
Source=CRAN
Hash=6244343d84d7ecb5cb146c84dc5e7449

[R/Package/igraph]
Package=igraph
Version=1.1.2
Source=CRAN
Hash=bda026ad56600f507d904db731b0ca8f

[R/Package/influenceR]
Package=influenceR
Version=0.1.0
Source=CRAN
Hash=58df21a7304181c6cbebdd244ab61fc1

[R/Package/ini]
Package=ini
Version=0.2
Source=CRAN
RemoteType=cran
RemoteSha=0.2
RemoteRepos=structure("https://cran.rstudio.com/", .Names = "CRAN")
RemotePkgType=binary
Hash=173fd375948d65fd89065ef98fd081e6

[R/Package/irlba]
Package=irlba
Version=2.2.1
Source=CRAN
Hash=9887f53f6907af6ded6f4d5938abd5ea

[R/Package/jsonlite]
Package=jsonlite
Version=1.6
Source=CRAN
Hash=bf54c2b4fee4a4967d6d451710dca5fc

[R/Package/knitr]
Package=knitr
Version=1.21
Source=CRAN
Hash=a5eddad39ec0b49f72bd71dce5f88cb4

[R/Package/labeling]
Package=labeling
Version=0.3
Source=CRAN
Hash=20dad3003ae3259eb8b76faa2ff75427

[R/Package/lattice]
Package=lattice
Version=0.20-34
Source=CRAN
Hash=73fd80653c18bd60e1666081ca2f91af

[R/Package/lazyeval]
Package=lazyeval
Version=0.2.1
Source=CRAN
RemoteType=cran
RemoteSha=0.2.1
RemoteRepos=structure("https://cran.rstudio.com/", .Names = "CRAN")
RemotePkgType=binary
Hash=97b6ce69df3f749497bb8bda8224d916

[R/Package/lpSolve]
Package=lpSolve
Version=5.6.13
Source=CRAN
RemoteType=cran
RemoteSha=5.6.13
RemoteRepos=structure("https://cran.rstudio.com/", .Names = "CRAN")
RemotePkgType=binary
Hash=4e95fb49955bc4ec2f20958eff11ee63

[R/Package/lubridate]
Package=lubridate
Version=1.7.4
Source=CRAN
Hash=3fe38ba817e2dcf1d778f260f692771a

[R/Package/magrittr]
Package=magrittr
Version=1.5
Source=CRAN
Hash=d6790aa638f865dde38afb4a0b1d596d

[R/Package/markdown]
Package=markdown
Version=0.9
Source=CRAN
Hash=8515151150d7372bc76e0af15ef5dee0

[R/Package/memoise]
Package=memoise
Version=1.1.0
Source=CRAN
Hash=7a2d27a40e0db21db40225515fa672e5

[R/Package/mgcv]
Package=mgcv
Version=1.8-17
Source=CRAN
Hash=f67f17b3e3d5e05c3f9101a20d397c1f

[R/Package/mime]
Package=mime
Version=0.6
Source=CRAN
Hash=b1e49df8aef896bc8c0b749ef1da5a48

[R/Package/munsell]
Package=munsell
Version=0.4.3
Source=CRAN
Hash=dcaf1d75e82dfd1c0537f711895a4fad

[R/Package/nlme]
Package=nlme
Version=3.1-131
Source=CRAN
Hash=44e1708a6858469d855e7282986c6e34

[R/Package/openssl]
Package=openssl
Version=0.9.9
Source=CRAN
RemoteType=cran
RemoteSha=0.9.9
RemoteRepos=structure("https://cran.rstudio.com/", .Names = "CRAN")
RemotePkgType=binary
Hash=ca32fe4be346f46536219b819eb35cd3

[R/Package/pak]
Package=pak
Version=0.1.2.9000
Source=GitHub
Remotes=r-lib/pkginstall, r-lib/pkgdepends
RemoteType=github
RemoteHost=api.github.com
RemoteRepo=pak
RemoteUsername=r-lib
RemoteRef=master
RemoteSha=2a83117a08ea91e626eb50b55af22a8bee05a020
Hash=f2119c3f74e653fc87bb0c021c490c59

[R/Package/pillar]
Package=pillar
Version=1.3.1
Source=CRAN
Hash=67089e994f5aa84c0d6d620e8b8b0533

[R/Package/pkgbuild]
Package=pkgbuild
Version=1.0.2.9000
Source=GitHub
RemoteType=github
RemoteHost=https://api.github.com
RemoteRepo=pkgbuild
RemoteUsername=r-lib
RemoteRef=master
RemoteSha=6e4ebdf7f63a1a7d35fef3881f21c62bec1a1c40
Hash=4c619f4cdcd52fcd035398480a766246

[R/Package/pkgcache]
Package=pkgcache
Version=1.0.3.9000
Source=GitHub
RemoteType=github
RemoteHost=api.github.com
RemoteRepo=pkgcache
RemoteUsername=r-lib
RemoteRef=master
RemoteSha=0c63a85f3b393182bfe6d8cd7c7d7c56da859296
Hash=10f77ee6bb4decd91a860d991aca40fe

[R/Package/pkgconfig]
Package=pkgconfig
Version=2.0.2
Source=CRAN
Hash=fa0b30dc85de29c145ad11f396bcd69d

[R/Package/pkgdepends]
Package=pkgdepends
Version=0.0.0.9003
Source=GitHub
RemoteType=github
RemoteHost=api.github.com
RemoteRepo=pkgdepends
RemoteUsername=r-lib
RemoteRef=master
RemoteSha=1d6698b823892975df7f0e4bc6005f4004d969e9
Hash=c399e886e74b3d827fee06e83f124548

[R/Package/pkginstall]
Package=pkginstall
Version=0.0.0.9001
Source=GitHub
Remotes=r-lib/pkgdepends, r-lib/zip@process-pass-args
RemoteType=github
RemoteHost=api.github.com
RemoteRepo=pkginstall
RemoteUsername=r-lib
RemoteRef=master
RemoteSha=14564744ba1ba685038290e4f427ff37731b790f
Hash=8c824033bc6e260d1a04670bad83bd81

[R/Package/pkgload]
Package=pkgload
Version=1.0.1.9000
Source=GitHub
RemoteType=github
RemoteHost=https://api.github.com
RemoteRepo=pkgload
RemoteUsername=r-lib
RemoteRef=master
RemoteSha=0ef4f58cd8135e9e77c21243e466b9739e608bde
Hash=2de670845e147af224e60bed0110556c

[R/Package/plogr]
Package=plogr
Version=0.2.0
Source=CRAN
Hash=4a26d1536d4e2d07a143a21875e685f4

[R/Package/plyr]
Package=plyr
Version=1.8.4
Source=CRAN
Hash=598f146e8ac1b3c8e44dac392cc3f947

[R/Package/png]
Package=png
Version=0.1-7
Source=CRAN
RemoteType=cran
RemoteSha=0.1-7
RemoteRepos=structure("https://cran.rstudio.com/", .Names = "CRAN")
RemotePkgType=binary
Hash=8055408bb2e103aab3022d3b5fa977b5

[R/Package/prettycode]
Package=prettycode
Version=1.0.2
Source=CRAN
Hash=79b1aecc8805943bf762153ccd77ef05

[R/Package/prettyunits]
Package=prettyunits
Version=1.0.2
Source=CRAN
Hash=78c3882ec015fe17318fe94c7e75d134

[R/Package/processx]
Package=processx
Version=3.2.1.9000
Source=GitHub
RemoteType=github
RemoteHost=api.github.com
RemoteRepo=processx
RemoteUsername=r-lib
RemoteRef=master
RemoteSha=823819d4b13e6c802a8d3588e91a69e3357724e9
Hash=f64135872a9e12a85008a7f9e9693fb2

[R/Package/progress]
Package=progress
Version=1.2.0.9000
Source=GitHub
RemoteType=github
RemoteHost=https://api.github.com
RemoteRepo=progress
RemoteUsername=r-lib
RemoteRef=master
RemoteSha=2ba1a03869ae2ba9937678784ab24da0d785cf37
Hash=acad94f1582fd516eb4fab5187c2f228

[R/Package/ps]
Package=ps
Version=1.3.0
Source=CRAN
Hash=b79661958c24d6acb44121cb2526840c

[R/Package/purrr]
Package=purrr
Version=0.2.4
Source=CRAN
RemoteType=cran
RemoteSha=0.2.4
RemoteRepos=structure("https://cran.rstudio.com/", .Names = "CRAN")
RemotePkgType=binary
Hash=80d09d468721ca4cc1416b83d5a2165a

[R/Package/rappdirs]
Package=rappdirs
Version=0.3.1
Source=CRAN
RemoteType=cran
RemoteSha=0.3.1
RemoteRepos=structure("https://cran.rstudio.com/", .Names = "CRAN")
RemotePkgType=binary
Hash=52ba6de9b1fc8b1f784e9ff4f97db5c6

[R/Package/rcmdcheck]
Package=rcmdcheck
Version=1.3.2
Source=CRAN
Hash=37075e78300db1c0c9b1e0b4b30341eb

[R/Package/readr]
Package=readr
Version=1.1.1
Source=CRAN
Hash=a908444699a1872593e1718aa4a053f0

[R/Package/rematch2]
Package=rematch2
Version=2.0.0.9000
Source=GitHub
RemoteType=github
RemoteHost=https://api.github.com
RemoteRepo=rematch2
RemoteUsername=MangoTheCat
RemoteRef=master
RemoteSha=180fb61c0fb1748504015e8b81e2b7af76ab2242
Hash=63feccd8ad17b1b2207cd98a73572e21

[R/Package/remotes]
Package=remotes
Version=2.0.0
Source=CRAN
Hash=171944e9ae00cf447c0bde67a277751c

[R/Package/reshape2]
Package=reshape2
Version=1.4.3
Source=CRAN
RemoteType=cran
RemoteSha=1.4.3
RemoteRepos=structure("https://cran.rstudio.com/", .Names = "CRAN")
RemotePkgType=binary
Hash=e1ffb6099ede9af383499a14b2bf4db1

[R/Package/rgexf]
Package=rgexf
Version=0.15.3
Source=CRAN
Hash=020b23e4f82ec3ecb67ebc1b97442d9f

[R/Package/rlang]
Package=rlang
Version=0.3.1.9000
Source=GitHub
RemoteType=github
RemoteHost=https://api.github.com
RemoteRepo=rlang
RemoteUsername=r-lib
RemoteRef=master
RemoteSha=7243c6d573e3edf448f25376e855cc6fd0a52e1c
Hash=fb42e7aa47e86ca60ac79b090a53d82c

[R/Package/rmarkdown]
Package=rmarkdown
Version=1.11
Source=CRAN
Hash=ed53dfd24d55597ae47c5d4423309b8b

[R/Package/roxygen2]
Package=roxygen2
Version=6.0.1
Source=CRAN
Hash=550a68c033d0b60196043ccc86af3d19

[R/Package/rprojroot]
Package=rprojroot
Version=1.3-2
Source=CRAN
RemoteType=cran
RemoteSha=1.3-2
RemoteRepos=structure("https://cran.rstudio.com/", .Names = "CRAN")
RemotePkgType=binary
Hash=dd7c841c01b268b30262932f2a52964d

[R/Package/rstudioapi]
Package=rstudioapi
Version=0.9.0
Source=GitHub
RemoteType=github
RemoteHost=https://api.github.com
RemoteRepo=rstudioapi
RemoteUsername=rstudio
RemoteRef=master
RemoteSha=f4418fc01a139daf1cbfa2d64e30004f0e4d537a
Hash=eadc20a4c61f65725a8be7a59ef53825

[R/Package/scales]
Package=scales
Version=0.5.0
Source=CRAN
Hash=941559892d670e544de799fab6484e0f

[R/Package/selectr]
Package=selectr
Version=0.4-1
Source=CRAN
Hash=1760534eb90bcd0ecfe3612a006b17ac

[R/Package/sessioninfo]
Package=sessioninfo
Version=1.1.1
Source=CRAN
Hash=3ed8be6e4adff35515f2bc17377c280e

[R/Package/stringi]
Package=stringi
Version=1.3.1
Source=CRAN
Hash=279961bd7ec0ff2f22c81a18c3175ac8

[R/Package/stringr]
Package=stringr
Version=1.4.0
Source=CRAN
Hash=41cbaa684a517d5382f4571fff00d4a9

[R/Package/tibble]
Package=tibble
Version=2.0.1
Source=CRAN
Hash=39abe0582868a4bc861e417ab97672d4

[R/Package/tidyr]
Package=tidyr
Version=0.8.0
Source=CRAN
Hash=562bb047312bc13df2d24b81ca773d30

[R/Package/tidyselect]
Package=tidyselect
Version=0.2.3
Source=CRAN
RemoteType=cran
RemoteSha=0.2.3
RemoteRepos=structure("https://cran.rstudio.com/", .Names = "CRAN")
RemotePkgType=binary
Hash=436ddb09ad9cd7589993dec50ce13861

[R/Package/tinytex]
Package=tinytex
Version=0.10
Source=CRAN
Hash=11f1f08d6b1fd7b8c408c13381b0dc5a

[R/Package/usethis]
Package=usethis
Version=1.4.0.9000
Source=GitHub
RemoteType=github
RemoteHost=api.github.com
RemoteRepo=usethis
RemoteUsername=r-lib
RemoteRef=master
RemoteSha=8e3c151b62ae0f17d653bedc4cad772fb2c36168
Hash=c0080d9ee551eaca5152dedaa9566a3a

[R/Package/utf8]
Package=utf8
Version=1.1.4
Source=CRAN
Hash=8489c78a1c9d31e5d7d159ce633e56be

[R/Package/uuid]
Package=uuid
Version=0.1-2
Source=CRAN
RemoteType=cran
RemoteSha=0.1-2
RemoteRepos=structure("https://cran.rstudio.com/", .Names = "CRAN")
RemotePkgType=binary
Hash=a1f44bb8a2d760dcdb0909f3c8d52373

[R/Package/viridis]
Package=viridis
Version=0.5.1
Source=CRAN
Hash=971b1b417da2746ff01baae7430f560c

[R/Package/viridisLite]
Package=viridisLite
Version=0.3.0
Source=CRAN
Hash=37734d9066bb90692ab556723ef77179

[R/Package/visNetwork]
Package=visNetwork
Version=2.0.4
Source=CRAN
Hash=b45f0b99cf0702846e6fd731cc284132

[R/Package/whisker]
Package=whisker
Version=0.3-2
Source=CRAN
Hash=ec2ea5d58af9c9088004c49d4276a227

[R/Package/withr]
Package=withr
Version=2.1.2.9000
Source=GitHub
RemoteType=github
RemoteHost=https://api.github.com
RemoteRepo=withr
RemoteUsername=r-lib
RemoteRef=master
RemoteSha=be57595e40ff3a438314b9a10e7cab9f5ca44852
Hash=b56bda8c04dd710cb50d774bbb46e44b

[R/Package/xfun]
Package=xfun
Version=0.5
Source=CRAN
Hash=5f3c37851b3373f624946fc8964d5500

[R/Package/xml2]
Package=xml2
Version=1.2.0
Source=CRAN
Hash=6f00ef3a43d4507577d240ef30498e01

[R/Package/xopen]
Package=xopen
Version=1.0.0
Source=CRAN
Hash=206e2e3f2a410e2c61dd8a41e05e2dce

[R/Package/yaml]
Package=yaml
Version=2.2.0
Source=CRAN
Hash=ec0778c7e1e747e26c4fd866d5097788

[R/Package/zip]
Package=zip
Version=2.0.0.9000
Source=GitHub
RemoteType=github
RemoteHost=api.github.com
RemoteRepo=zip
RemoteUsername=r-lib
RemoteRef=process-pass-args
RemoteSha=77c3745b57729ebde5fd08ffc08ef8ad92f59ba5
Hash=9c547f72a7ff259fb3eb971181869324

